
Microsoft Visual Studio Solution File, Format Version 12.00
# Visual Studio 15
VisualStudioVersion = 15.0.27004.2002
MinimumVisualStudioVersion = 10.0.40219.1
Project("{9A19103F-16F7-4668-BE54-9A1E7A4F7556}") = "Asp2017", "Asp2017.csproj", "{11DFC647-F674-4683-AB76-B61D6F7E422A}"
EndProject
Global
	GlobalSection(SolutionConfigurationPlatforms) = preSolution
		Debug|Any CPU = Debug|Any CPU
		Release|Any CPU = Release|Any CPU
	EndGlobalSection
	GlobalSection(ProjectConfigurationPlatforms) = postSolution
		{11DFC647-F674-4683-AB76-B61D6F7E422A}.Debug|Any CPU.ActiveCfg = Debug|Any CPU
		{11DFC647-F674-4683-AB76-B61D6F7E422A}.Debug|Any CPU.Build.0 = Debug|Any CPU
		{11DFC647-F674-4683-AB76-B61D6F7E422A}.Release|Any CPU.ActiveCfg = Release|Any CPU
		{11DFC647-F674-4683-AB76-B61D6F7E422A}.Release|Any CPU.Build.0 = Release|Any CPU
	EndGlobalSection
	GlobalSection(SolutionProperties) = preSolution
		HideSolutionNode = FALSE
	EndGlobalSection
	GlobalSection(ExtensibilityGlobals) = postSolution
		SolutionGuid = {7FB89CF8-463E-4B8E-969D-117FC1E32A65}
	EndGlobalSection
EndGlobal
